
Microsoft Visual Studio Solution File, Format Version 12.00
# Visual Studio Version 16
VisualStudioVersion = 16.0.30413.136
MinimumVisualStudioVersion = 10.0.40219.1
Project("{9A19103F-16F7-4668-BE54-9A1E7A4F7556}") = "frontend", "frontend.csproj", "{F60EE6F8-1913-4CF6-9599-D15CF21FB3F4}"
EndProject
Project("{9A19103F-16F7-4668-BE54-9A1E7A4F7556}") = "shared", "..\article-manager-wasm-shared\shared.csproj", "{ADF8ED4A-654A-45FA-9399-F3D6A462406A}"
EndProject
Project("{9A19103F-16F7-4668-BE54-9A1E7A4F7556}") = "backend", "..\article-manager-wasm-be\backend.csproj", "{72FB12C9-24C2-4546-8258-31BFEB48DD9F}"
EndProject
Global
	GlobalSection(SolutionConfigurationPlatforms) = preSolution
		Debug|Any CPU = Debug|Any CPU
		Release|Any CPU = Release|Any CPU
	EndGlobalSection
	GlobalSection(ProjectConfigurationPlatforms) = postSolution
		{F60EE6F8-1913-4CF6-9599-D15CF21FB3F4}.Debug|Any CPU.ActiveCfg = Debug|Any CPU
		{F60EE6F8-1913-4CF6-9599-D15CF21FB3F4}.Debug|Any CPU.Build.0 = Debug|Any CPU
		{F60EE6F8-1913-4CF6-9599-D15CF21FB3F4}.Release|Any CPU.ActiveCfg = Release|Any CPU
		{F60EE6F8-1913-4CF6-9599-D15CF21FB3F4}.Release|Any CPU.Build.0 = Release|Any CPU
		{ADF8ED4A-654A-45FA-9399-F3D6A462406A}.Debug|Any CPU.ActiveCfg = Debug|Any CPU
		{ADF8ED4A-654A-45FA-9399-F3D6A462406A}.Debug|Any CPU.Build.0 = Debug|Any CPU
		{ADF8ED4A-654A-45FA-9399-F3D6A462406A}.Release|Any CPU.ActiveCfg = Release|Any CPU
		{ADF8ED4A-654A-45FA-9399-F3D6A462406A}.Release|Any CPU.Build.0 = Release|Any CPU
		{72FB12C9-24C2-4546-8258-31BFEB48DD9F}.Debug|Any CPU.ActiveCfg = Debug|Any CPU
		{72FB12C9-24C2-4546-8258-31BFEB48DD9F}.Debug|Any CPU.Build.0 = Debug|Any CPU
		{72FB12C9-24C2-4546-8258-31BFEB48DD9F}.Release|Any CPU.ActiveCfg = Release|Any CPU
		{72FB12C9-24C2-4546-8258-31BFEB48DD9F}.Release|Any CPU.Build.0 = Release|Any CPU
	EndGlobalSection
	GlobalSection(SolutionProperties) = preSolution
		HideSolutionNode = FALSE
	EndGlobalSection
	GlobalSection(ExtensibilityGlobals) = postSolution
		SolutionGuid = {41B9ED2C-B737-4BD5-B2F3-0E36E41A2D60}
	EndGlobalSection
EndGlobal
